<?xml version="1.0" encoding="utf-8"?>
<Project ToolsVersion="4.0" xmlns="http://schemas.microsoft.com/developer/msbuild/2003">
  <ItemGroup>
    <ClCompile Include="GameTechRenderer.cpp" />
    <ClCompile Include="Main.cpp" />
    <ClCompile Include="Game.cpp" />
    <ClCompile Include="ForceObject.cpp">
      <Filter>GameObjects</Filter>
    </ClCompile>
    <ClCompile Include="RespawningObject.cpp">
      <Filter>GameObjects</Filter>
    </ClCompile>
    <ClCompile Include="MainMenuState.cpp">
      <Filter>Game States</Filter>
    </ClCompile>
    <ClCompile Include="PracticeState.cpp">
      <Filter>Game States</Filter>
    </ClCompile>
    <ClCompile Include="ActorObject.cpp">
      <Filter>GameObjects\Actor Objects</Filter>
    </ClCompile>
    <ClCompile Include="PlayerObject.cpp">
      <Filter>GameObjects\Actor Objects</Filter>
    </ClCompile>
    <ClCompile Include="BonusObject.cpp">
      <Filter>GameObjects\Bonus Objects</Filter>
    </ClCompile>
    <ClCompile Include="ScoreBonusObject.cpp">
      <Filter>GameObjects\Bonus Objects</Filter>
    </ClCompile>
    <ClCompile Include="EndState.cpp">
      <Filter>Game States</Filter>
    </ClCompile>
    <ClCompile Include="RaceState.cpp">
      <Filter>Game States</Filter>
    </ClCompile>
    <ClCompile Include="RaceAIBehaviourTree.cpp">
      <Filter>AIBehaviours</Filter>
    </ClCompile>
    <ClCompile Include="AIObject.cpp">
      <Filter>GameObjects\Actor Objects</Filter>
    </ClCompile>
    <ClCompile Include="KatamariState.cpp">
      <Filter>Game States</Filter>
    </ClCompile>
    <ClCompile Include="DebugState.cpp">
      <Filter>Game States</Filter>
    </ClCompile>
    <ClCompile Include="Checkpoint.cpp" />
    <ClCompile Include="BoidObject.cpp">
      <Filter>GameObjects</Filter>
    </ClCompile>
    <ClCompile Include="BoidSwarm.cpp">
      <Filter>GameObjects</Filter>
    </ClCompile>
    <ClCompile Include="KatamariAIBehaviourTree.cpp">
      <Filter>AIBehaviours</Filter>
    </ClCompile>
    <ClCompile Include="GameKatamariInit.cpp">
      <Filter>Game Factory Functions</Filter>
    </ClCompile>
    <ClCompile Include="GamePracticeInit.cpp">
      <Filter>Game Factory Functions</Filter>
    </ClCompile>
    <ClCompile Include="GameRaceInit.cpp">
      <Filter>Game Factory Functions</Filter>
    </ClCompile>
    <ClCompile Include="GameNavmeshInit.cpp">
      <Filter>Game Factory Functions</Filter>
    </ClCompile>
    <ClCompile Include="NavmeshTestState.cpp">
      <Filter>Game States</Filter>
    </ClCompile>
    <ClCompile Include="ObjectFactory.cpp">
      <Filter>Game Factory Functions</Filter>
    </ClCompile>
  </ItemGroup>
  <ItemGroup>
    <ClInclude Include="GameTechRenderer.h" />
    <ClInclude Include="Game.h" />
    <ClInclude Include="ForceObject.h">
      <Filter>GameObjects</Filter>
    </ClInclude>
    <ClInclude Include="RespawningObject.h">
      <Filter>GameObjects</Filter>
    </ClInclude>
    <ClInclude Include="MainMenuState.h">
      <Filter>Game States</Filter>
    </ClInclude>
    <ClInclude Include="GameState.h">
      <Filter>Game States</Filter>
    </ClInclude>
    <ClInclude Include="PracticeState.h">
      <Filter>Game States</Filter>
    </ClInclude>
    <ClInclude Include="ActorObject.h">
      <Filter>GameObjects\Actor Objects</Filter>
    </ClInclude>
    <ClInclude Include="BonusObject.h">
      <Filter>GameObjects\Bonus Objects</Filter>
    </ClInclude>
    <ClInclude Include="ScoreBonusObject.h">
      <Filter>GameObjects\Bonus Objects</Filter>
    </ClInclude>
    <ClInclude Include="PlayerObject.h">
      <Filter>GameObjects\Actor Objects</Filter>
    </ClInclude>
    <ClInclude Include="Checkpoint.h" />
    <ClInclude Include="EndState.h">
      <Filter>Game States</Filter>
    </ClInclude>
    <ClInclude Include="RaceState.h">
      <Filter>Game States</Filter>
    </ClInclude>
    <ClInclude Include="RaceAIBehaviourTree.h">
      <Filter>AIBehaviours</Filter>
    </ClInclude>
    <ClInclude Include="AIObject.h">
      <Filter>GameObjects\Actor Objects</Filter>
    </ClInclude>
    <ClInclude Include="KatamariState.h">
      <Filter>Game States</Filter>
    </ClInclude>
    <ClInclude Include="DebugState.h">
      <Filter>Game States</Filter>
    </ClInclude>
    <ClInclude Include="BoidObject.h">
      <Filter>GameObjects</Filter>
    </ClInclude>
    <ClInclude Include="BoidSwarm.h">
      <Filter>GameObjects</Filter>
    </ClInclude>
    <ClInclude Include="KatamariAIBehaviourTree.h">
      <Filter>AIBehaviours</Filter>
    </ClInclude>
    <ClInclude Include="NavmeshTestState.h">
      <Filter>Game States</Filter>
    </ClInclude>
    <ClInclude Include="ObjectFactory.h">
      <Filter>Game Factory Functions</Filter>
    </ClInclude>
  </ItemGroup>
  <ItemGroup>
    <Filter Include="GameObjects">
      <UniqueIdentifier>{e67735bf-1869-4050-8403-eacb8c3d056d}</UniqueIdentifier>
    </Filter>
    <Filter Include="Game States">
      <UniqueIdentifier>{70cfff44-507c-4815-8a04-d51642863890}</UniqueIdentifier>
    </Filter>
    <Filter Include="GameObjects\Bonus Objects">
      <UniqueIdentifier>{5c399838-519c-4275-92f1-b86176dc88fa}</UniqueIdentifier>
    </Filter>
    <Filter Include="GameObjects\Actor Objects">
      <UniqueIdentifier>{fc8cc4e1-2c38-4c9a-9661-0bef652258e7}</UniqueIdentifier>
    </Filter>
    <Filter Include="AIBehaviours">
      <UniqueIdentifier>{55e5a9c3-e954-43f1-9370-2a4eb8e4fa5a}</UniqueIdentifier>
    </Filter>
    <Filter Include="Game Factory Functions">
      <UniqueIdentifier>{743a0835-5c3d-4052-ba52-ee9187577c96}</UniqueIdentifier>
    </Filter>
  </ItemGroup>
</Project>